
Microsoft Visual Studio Solution File, Format Version 12.00
# Visual Studio Version 16
VisualStudioVersion = 16.0.30907.101
MinimumVisualStudioVersion = 10.0.40219.1
Project("{FAE04EC0-301F-11D3-BF4B-00C04F79EFBC}") = "Bob", "Bob.csproj", "{13E2E3C6-0414-4FFA-9463-18B9F845E0F7}"
EndProject
Global
	GlobalSection(SolutionConfigurationPlatforms) = preSolution
		Debug|Any CPU = Debug|Any CPU
		Release|Any CPU = Release|Any CPU
	EndGlobalSection
	GlobalSection(ProjectConfigurationPlatforms) = postSolution
		{13E2E3C6-0414-4FFA-9463-18B9F845E0F7}.Debug|Any CPU.ActiveCfg = Debug|Any CPU
		{13E2E3C6-0414-4FFA-9463-18B9F845E0F7}.Debug|Any CPU.Build.0 = Debug|Any CPU
		{13E2E3C6-0414-4FFA-9463-18B9F845E0F7}.Release|Any CPU.ActiveCfg = Release|Any CPU
		{13E2E3C6-0414-4FFA-9463-18B9F845E0F7}.Release|Any CPU.Build.0 = Release|Any CPU
	EndGlobalSection
	GlobalSection(SolutionProperties) = preSolution
		HideSolutionNode = FALSE
	EndGlobalSection
	GlobalSection(ExtensibilityGlobals) = postSolution
		SolutionGuid = {FCCC5CE0-1F48-4F59-BCF0-B0BE5B63159C}
	EndGlobalSection
EndGlobal
